// !$*UTF8*$!
{
	archiveVersion = 1;
	classes = {
	};
	objectVersion = 46;
	objects = {

/* Begin PBXBuildFile section */
		B719C3D214BE05490002A45D /* KTApp.m in Sources */ = {isa = PBXBuildFile; fileRef = B719C3D114BE05490002A45D /* KTApp.m */; };
		B719C3D614BE05B40002A45D /* KTSession.m in Sources */ = {isa = PBXBuildFile; fileRef = B719C3D514BE05B40002A45D /* KTSession.m */; };
		B7B699CA14BF7AE30069497D /* KTSessionPanelController.m in Sources */ = {isa = PBXBuildFile; fileRef = B7B699C814BF7AE30069497D /* KTSessionPanelController.m */; };
		B7B699CD14BF7B690069497D /* SessionPanel.xib in Resources */ = {isa = PBXBuildFile; fileRef = B7B699CC14BF7B690069497D /* SessionPanel.xib */; };
		B7C9EB7B14BF59DB003DB399 /* KTSessionCell.m in Sources */ = {isa = PBXBuildFile; fileRef = B7C9EB7A14BF59DB003DB399 /* KTSessionCell.m */; };
		D416885E14BBB7060008ACFC /* icon.png in Resources */ = {isa = PBXBuildFile; fileRef = D416885D14BBB7060008ACFC /* icon.png */; };
		D4F84A3614BB8ADD00CDE1F0 /* Cocoa.framework in Frameworks */ = {isa = PBXBuildFile; fileRef = D4F84A3514BB8ADD00CDE1F0 /* Cocoa.framework */; };
		D4F84A4014BB8ADD00CDE1F0 /* InfoPlist.strings in Resources */ = {isa = PBXBuildFile; fileRef = D4F84A3E14BB8ADD00CDE1F0 /* InfoPlist.strings */; };
		D4F84A4214BB8ADD00CDE1F0 /* main.m in Sources */ = {isa = PBXBuildFile; fileRef = D4F84A4114BB8ADD00CDE1F0 /* main.m */; };
		D4F84A4614BB8ADD00CDE1F0 /* Credits.rtf in Resources */ = {isa = PBXBuildFile; fileRef = D4F84A4414BB8ADD00CDE1F0 /* Credits.rtf */; };
		D4F84A4914BB8ADD00CDE1F0 /* AppDelegate.m in Sources */ = {isa = PBXBuildFile; fileRef = D4F84A4814BB8ADD00CDE1F0 /* AppDelegate.m */; };
		D4F84A4C14BB8ADD00CDE1F0 /* App.xib in Resources */ = {isa = PBXBuildFile; fileRef = D4F84A4A14BB8ADD00CDE1F0 /* App.xib */; };
		D4F84A8114BBA89B00CDE1F0 /* keytap.png in Resources */ = {isa = PBXBuildFile; fileRef = D4F84A8014BBA89B00CDE1F0 /* keytap.png */; };
		D4F84A8314BBAA1900CDE1F0 /* keytap-alt.png in Resources */ = {isa = PBXBuildFile; fileRef = D4F84A8214BBAA1900CDE1F0 /* keytap-alt.png */; };
/* End PBXBuildFile section */

/* Begin PBXFileReference section */
		B719C3B614BDECC30002A45D /* KeyTaps.app */ = {isa = PBXFileReference; explicitFileType = wrapper.application; includeInIndex = 0; path = KeyTaps.app; sourceTree = BUILT_PRODUCTS_DIR; };
		B719C3D014BE05490002A45D /* KTApp.h */ = {isa = PBXFileReference; fileEncoding = 4; lastKnownFileType = sourcecode.c.h; name = KTApp.h; path = KeyTaps/KTApp.h; sourceTree = "<group>"; };
		B719C3D114BE05490002A45D /* KTApp.m */ = {isa = PBXFileReference; fileEncoding = 4; lastKnownFileType = sourcecode.c.objc; name = KTApp.m; path = KeyTaps/KTApp.m; sourceTree = "<group>"; };
		B719C3D414BE05B40002A45D /* KTSession.h */ = {isa = PBXFileReference; fileEncoding = 4; lastKnownFileType = sourcecode.c.h; path = KTSession.h; sourceTree = "<group>"; };
		B719C3D514BE05B40002A45D /* KTSession.m */ = {isa = PBXFileReference; fileEncoding = 4; lastKnownFileType = sourcecode.c.objc; path = KTSession.m; sourceTree = "<group>"; };
		B7B699C714BF7AE30069497D /* KTSessionPanelController.h */ = {isa = PBXFileReference; fileEncoding = 4; lastKnownFileType = sourcecode.c.h; path = KTSessionPanelController.h; sourceTree = "<group>"; };
		B7B699C814BF7AE30069497D /* KTSessionPanelController.m */ = {isa = PBXFileReference; fileEncoding = 4; lastKnownFileType = sourcecode.c.objc; path = KTSessionPanelController.m; sourceTree = "<group>"; };
		B7B699CC14BF7B690069497D /* SessionPanel.xib */ = {isa = PBXFileReference; fileEncoding = 4; lastKnownFileType = file.xib; path = SessionPanel.xib; sourceTree = "<group>"; };
		B7C9EB7914BF59DB003DB399 /* KTSessionCell.h */ = {isa = PBXFileReference; fileEncoding = 4; lastKnownFileType = sourcecode.c.h; path = KTSessionCell.h; sourceTree = "<group>"; };
		B7C9EB7A14BF59DB003DB399 /* KTSessionCell.m */ = {isa = PBXFileReference; fileEncoding = 4; lastKnownFileType = sourcecode.c.objc; path = KTSessionCell.m; sourceTree = "<group>"; };
		D416885B14BBB6E90008ACFC /* KeyTaps-Info.plist */ = {isa = PBXFileReference; fileEncoding = 4; lastKnownFileType = text.plist.xml; path = "KeyTaps-Info.plist"; sourceTree = "<group>"; };
		D416885D14BBB7060008ACFC /* icon.png */ = {isa = PBXFileReference; lastKnownFileType = image.png; path = icon.png; sourceTree = "<group>"; };
		D4F84A3514BB8ADD00CDE1F0 /* Cocoa.framework */ = {isa = PBXFileReference; lastKnownFileType = wrapper.framework; name = Cocoa.framework; path = System/Library/Frameworks/Cocoa.framework; sourceTree = SDKROOT; };
		D4F84A3814BB8ADD00CDE1F0 /* AppKit.framework */ = {isa = PBXFileReference; lastKnownFileType = wrapper.framework; name = AppKit.framework; path = System/Library/Frameworks/AppKit.framework; sourceTree = SDKROOT; };
		D4F84A3914BB8ADD00CDE1F0 /* CoreData.framework */ = {isa = PBXFileReference; lastKnownFileType = wrapper.framework; name = CoreData.framework; path = System/Library/Frameworks/CoreData.framework; sourceTree = SDKROOT; };
		D4F84A3A14BB8ADD00CDE1F0 /* Foundation.framework */ = {isa = PBXFileReference; lastKnownFileType = wrapper.framework; name = Foundation.framework; path = System/Library/Frameworks/Foundation.framework; sourceTree = SDKROOT; };
		D4F84A3F14BB8ADD00CDE1F0 /* en */ = {isa = PBXFileReference; lastKnownFileType = text.plist.strings; name = en; path = en.lproj/InfoPlist.strings; sourceTree = "<group>"; };
		D4F84A4114BB8ADD00CDE1F0 /* main.m */ = {isa = PBXFileReference; lastKnownFileType = sourcecode.c.objc; path = main.m; sourceTree = "<group>"; };
		D4F84A4314BB8ADD00CDE1F0 /* KeyTaps-Prefix.pch */ = {isa = PBXFileReference; lastKnownFileType = sourcecode.c.h; path = "KeyTaps-Prefix.pch"; sourceTree = "<group>"; };
		D4F84A4514BB8ADD00CDE1F0 /* en */ = {isa = PBXFileReference; lastKnownFileType = text.rtf; name = en; path = en.lproj/Credits.rtf; sourceTree = "<group>"; };
		D4F84A4714BB8ADD00CDE1F0 /* AppDelegate.h */ = {isa = PBXFileReference; lastKnownFileType = sourcecode.c.h; path = AppDelegate.h; sourceTree = "<group>"; };
		D4F84A4814BB8ADD00CDE1F0 /* AppDelegate.m */ = {isa = PBXFileReference; lastKnownFileType = sourcecode.c.objc; path = AppDelegate.m; sourceTree = "<group>"; };
		D4F84A4B14BB8ADD00CDE1F0 /* en */ = {isa = PBXFileReference; lastKnownFileType = file.xib; name = en; path = en.lproj/App.xib; sourceTree = "<group>"; };
		D4F84A8014BBA89B00CDE1F0 /* keytap.png */ = {isa = PBXFileReference; lastKnownFileType = image.png; path = keytap.png; sourceTree = "<group>"; };
		D4F84A8214BBAA1900CDE1F0 /* keytap-alt.png */ = {isa = PBXFileReference; lastKnownFileType = image.png; path = "keytap-alt.png"; sourceTree = "<group>"; };
/* End PBXFileReference section */

/* Begin PBXFrameworksBuildPhase section */
		D4F84A2E14BB8ADD00CDE1F0 /* Frameworks */ = {
			isa = PBXFrameworksBuildPhase;
			buildActionMask = 2147483647;
			files = (
				D4F84A3614BB8ADD00CDE1F0 /* Cocoa.framework in Frameworks */,
			);
			runOnlyForDeploymentPostprocessing = 0;
		};
/* End PBXFrameworksBuildPhase section */

/* Begin PBXGroup section */
		B719C3D314BE058D0002A45D /* Models */ = {
			isa = PBXGroup;
			children = (
				B719C3D014BE05490002A45D /* KTApp.h */,
				B719C3D114BE05490002A45D /* KTApp.m */,
				B719C3D414BE05B40002A45D /* KTSession.h */,
				B719C3D514BE05B40002A45D /* KTSession.m */,
			);
			name = Models;
			path = ..;
			sourceTree = "<group>";
		};
		B7B699C514BF7AA80069497D /* Controllers */ = {
			isa = PBXGroup;
			children = (
				B7B699C714BF7AE30069497D /* KTSessionPanelController.h */,
				B7B699C814BF7AE30069497D /* KTSessionPanelController.m */,
			);
			name = Controllers;
			sourceTree = "<group>";
		};
		B7C9EB7C14BF5BCA003DB399 /* Views */ = {
			isa = PBXGroup;
			children = (
				B7C9EB7914BF59DB003DB399 /* KTSessionCell.h */,
				B7C9EB7A14BF59DB003DB399 /* KTSessionCell.m */,
			);
			name = Views;
			sourceTree = "<group>";
		};
		D4F84A2614BB8ADD00CDE1F0 = {
			isa = PBXGroup;
			children = (
				D4F84A3B14BB8ADD00CDE1F0 /* KeyTaps */,
				D4F84A3414BB8ADD00CDE1F0 /* Frameworks */,
				B719C3B614BDECC30002A45D /* KeyTaps.app */,
			);
			sourceTree = "<group>";
		};
		D4F84A3414BB8ADD00CDE1F0 /* Frameworks */ = {
			isa = PBXGroup;
			children = (
				D4F84A3514BB8ADD00CDE1F0 /* Cocoa.framework */,
				D4F84A3714BB8ADD00CDE1F0 /* Other Frameworks */,
			);
			name = Frameworks;
			sourceTree = "<group>";
		};
		D4F84A3714BB8ADD00CDE1F0 /* Other Frameworks */ = {
			isa = PBXGroup;
			children = (
				D4F84A3814BB8ADD00CDE1F0 /* AppKit.framework */,
				D4F84A3914BB8ADD00CDE1F0 /* CoreData.framework */,
				D4F84A3A14BB8ADD00CDE1F0 /* Foundation.framework */,
			);
			name = "Other Frameworks";
			sourceTree = "<group>";
		};
		D4F84A3B14BB8ADD00CDE1F0 /* KeyTaps */ = {
			isa = PBXGroup;
			children = (
				B7B699C514BF7AA80069497D /* Controllers */,
				B7C9EB7C14BF5BCA003DB399 /* Views */,
				B719C3D314BE058D0002A45D /* Models */,
				D4F84A4714BB8ADD00CDE1F0 /* AppDelegate.h */,
				D4F84A4814BB8ADD00CDE1F0 /* AppDelegate.m */,
				D4F84A4A14BB8ADD00CDE1F0 /* App.xib */,
				B7B699CC14BF7B690069497D /* SessionPanel.xib */,
				D4F84A3C14BB8ADD00CDE1F0 /* Supporting Files */,
			);
			path = KeyTaps;
			sourceTree = "<group>";
		};
		D4F84A3C14BB8ADD00CDE1F0 /* Supporting Files */ = {
			isa = PBXGroup;
			children = (
				D4F84A8214BBAA1900CDE1F0 /* keytap-alt.png */,
				D416885D14BBB7060008ACFC /* icon.png */,
				D4F84A8014BBA89B00CDE1F0 /* keytap.png */,
				D416885B14BBB6E90008ACFC /* KeyTaps-Info.plist */,
				D4F84A3E14BB8ADD00CDE1F0 /* InfoPlist.strings */,
				D4F84A4114BB8ADD00CDE1F0 /* main.m */,
				D4F84A4314BB8ADD00CDE1F0 /* KeyTaps-Prefix.pch */,
				D4F84A4414BB8ADD00CDE1F0 /* Credits.rtf */,
			);
			name = "Supporting Files";
			sourceTree = "<group>";
		};
/* End PBXGroup section */

/* Begin PBXNativeTarget section */
		D4F84A3014BB8ADD00CDE1F0 /* KeyTaps */ = {
			isa = PBXNativeTarget;
			buildConfigurationList = D4F84A4F14BB8ADD00CDE1F0 /* Build configuration list for PBXNativeTarget "KeyTaps" */;
			buildPhases = (
				D4F84A2D14BB8ADD00CDE1F0 /* Sources */,
				D4F84A2E14BB8ADD00CDE1F0 /* Frameworks */,
				D4F84A2F14BB8ADD00CDE1F0 /* Resources */,
			);
			buildRules = (
			);
			dependencies = (
			);
			name = KeyTaps;
			productName = KeyTaps;
			productReference = B719C3B614BDECC30002A45D /* KeyTaps.app */;
			productType = "com.apple.product-type.application";
		};
/* End PBXNativeTarget section */

/* Begin PBXProject section */
		D4F84A2814BB8ADD00CDE1F0 /* Project object */ = {
			isa = PBXProject;
			attributes = {
				LastUpgradeCheck = 0420;
				ORGANIZATIONNAME = "Zerobased, LLC";
			};
			buildConfigurationList = D4F84A2B14BB8ADD00CDE1F0 /* Build configuration list for PBXProject "KeyTaps" */;
			compatibilityVersion = "Xcode 3.2";
			developmentRegion = English;
			hasScannedForEncodings = 0;
			knownRegions = (
				en,
			);
			mainGroup = D4F84A2614BB8ADD00CDE1F0;
			productRefGroup = D4F84A2614BB8ADD00CDE1F0;
			projectDirPath = "";
			projectRoot = "";
			targets = (
				D4F84A3014BB8ADD00CDE1F0 /* KeyTaps */,
			);
		};
/* End PBXProject section */

/* Begin PBXResourcesBuildPhase section */
		D4F84A2F14BB8ADD00CDE1F0 /* Resources */ = {
			isa = PBXResourcesBuildPhase;
			buildActionMask = 2147483647;
			files = (
				D4F84A4014BB8ADD00CDE1F0 /* InfoPlist.strings in Resources */,
				D4F84A4614BB8ADD00CDE1F0 /* Credits.rtf in Resources */,
				D4F84A4C14BB8ADD00CDE1F0 /* App.xib in Resources */,
				D4F84A8114BBA89B00CDE1F0 /* keytap.png in Resources */,
				D4F84A8314BBAA1900CDE1F0 /* keytap-alt.png in Resources */,
				D416885E14BBB7060008ACFC /* icon.png in Resources */,
				B7B699CD14BF7B690069497D /* SessionPanel.xib in Resources */,
			);
			runOnlyForDeploymentPostprocessing = 0;
		};
/* End PBXResourcesBuildPhase section */

/* Begin PBXSourcesBuildPhase section */
		D4F84A2D14BB8ADD00CDE1F0 /* Sources */ = {
			isa = PBXSourcesBuildPhase;
			buildActionMask = 2147483647;
			files = (
				D4F84A4214BB8ADD00CDE1F0 /* main.m in Sources */,
				D4F84A4914BB8ADD00CDE1F0 /* AppDelegate.m in Sources */,
				B719C3D214BE05490002A45D /* KTApp.m in Sources */,
				B719C3D614BE05B40002A45D /* KTSession.m in Sources */,
				B7C9EB7B14BF59DB003DB399 /* KTSessionCell.m in Sources */,
				B7B699CA14BF7AE30069497D /* KTSessionPanelController.m in Sources */,
			);
			runOnlyForDeploymentPostprocessing = 0;
		};
/* End PBXSourcesBuildPhase section */

/* Begin PBXVariantGroup section */
		D4F84A3E14BB8ADD00CDE1F0 /* InfoPlist.strings */ = {
			isa = PBXVariantGroup;
			children = (
				D4F84A3F14BB8ADD00CDE1F0 /* en */,
			);
			name = InfoPlist.strings;
			sourceTree = "<group>";
		};
		D4F84A4414BB8ADD00CDE1F0 /* Credits.rtf */ = {
			isa = PBXVariantGroup;
			children = (
				D4F84A4514BB8ADD00CDE1F0 /* en */,
			);
			name = Credits.rtf;
			sourceTree = "<group>";
		};
		D4F84A4A14BB8ADD00CDE1F0 /* App.xib */ = {
			isa = PBXVariantGroup;
			children = (
				D4F84A4B14BB8ADD00CDE1F0 /* en */,
			);
			name = App.xib;
			sourceTree = "<group>";
		};
/* End PBXVariantGroup section */

/* Begin XCBuildConfiguration section */
		D4F84A4D14BB8ADD00CDE1F0 /* Debug */ = {
			isa = XCBuildConfiguration;
			buildSettings = {
				ALWAYS_SEARCH_USER_PATHS = NO;
				ARCHS = "$(ARCHS_STANDARD_64_BIT)";
				CLANG_ENABLE_OBJC_ARC = YES;
				COPY_PHASE_STRIP = NO;
				GCC_C_LANGUAGE_STANDARD = gnu99;
				GCC_DYNAMIC_NO_PIC = NO;
				GCC_ENABLE_OBJC_EXCEPTIONS = YES;
				GCC_OPTIMIZATION_LEVEL = 0;
				GCC_PREPROCESSOR_DEFINITIONS = (
					"DEBUG=1",
					"$(inherited)",
				);
				GCC_SYMBOLS_PRIVATE_EXTERN = NO;
				GCC_VERSION = com.apple.compilers.llvm.clang.1_0;
				GCC_WARN_64_TO_32_BIT_CONVERSION = YES;
				GCC_WARN_ABOUT_MISSING_PROTOTYPES = YES;
				GCC_WARN_ABOUT_RETURN_TYPE = YES;
				GCC_WARN_UNUSED_VARIABLE = YES;
				MACOSX_DEPLOYMENT_TARGET = 10.7;
				ONLY_ACTIVE_ARCH = YES;
				SDKROOT = macosx;
			};
			name = Debug;
		};
		D4F84A4E14BB8ADD00CDE1F0 /* Release */ = {
			isa = XCBuildConfiguration;
			buildSettings = {
				ALWAYS_SEARCH_USER_PATHS = NO;
				ARCHS = "$(ARCHS_STANDARD_64_BIT)";
				CLANG_ENABLE_OBJC_ARC = YES;
				COPY_PHASE_STRIP = YES;
				DEBUG_INFORMATION_FORMAT = "dwarf-with-dsym";
				GCC_C_LANGUAGE_STANDARD = gnu99;
				GCC_ENABLE_OBJC_EXCEPTIONS = YES;
				GCC_VERSION = com.apple.compilers.llvm.clang.1_0;
				GCC_WARN_64_TO_32_BIT_CONVERSION = YES;
				GCC_WARN_ABOUT_MISSING_PROTOTYPES = YES;
				GCC_WARN_ABOUT_RETURN_TYPE = YES;
				GCC_WARN_UNUSED_VARIABLE = YES;
				MACOSX_DEPLOYMENT_TARGET = 10.7;
				SDKROOT = macosx;
			};
			name = Release;
		};
		D4F84A5014BB8ADD00CDE1F0 /* Debug */ = {
			isa = XCBuildConfiguration;
			buildSettings = {
				GCC_PRECOMPILE_PREFIX_HEADER = YES;
				GCC_PREFIX_HEADER = "KeyTaps/KeyTaps-Prefix.pch";
				INFOPLIST_FILE = "KeyTaps/KeyTaps-Info.plist";
				PRODUCT_NAME = "$(TARGET_NAME)";
				WRAPPER_EXTENSION = app;
			};
			name = Debug;
		};
		D4F84A5114BB8ADD00CDE1F0 /* Release */ = {
			isa = XCBuildConfiguration;
			buildSettings = {
				GCC_PRECOMPILE_PREFIX_HEADER = YES;
				GCC_PREFIX_HEADER = "KeyTaps/KeyTaps-Prefix.pch";
				INFOPLIST_FILE = "KeyTaps/KeyTaps-Info.plist";
				PRODUCT_NAME = "$(TARGET_NAME)";
				WRAPPER_EXTENSION = app;
			};
			name = Release;
		};
/* End XCBuildConfiguration section */

/* Begin XCConfigurationList section */
		D4F84A2B14BB8ADD00CDE1F0 /* Build configuration list for PBXProject "KeyTaps" */ = {
			isa = XCConfigurationList;
			buildConfigurations = (
				D4F84A4D14BB8ADD00CDE1F0 /* Debug */,
				D4F84A4E14BB8ADD00CDE1F0 /* Release */,
			);
			defaultConfigurationIsVisible = 0;
			defaultConfigurationName = Release;
		};
		D4F84A4F14BB8ADD00CDE1F0 /* Build configuration list for PBXNativeTarget "KeyTaps" */ = {
			isa = XCConfigurationList;
			buildConfigurations = (
				D4F84A5014BB8ADD00CDE1F0 /* Debug */,
				D4F84A5114BB8ADD00CDE1F0 /* Release */,
			);
			defaultConfigurationIsVisible = 0;
			defaultConfigurationName = Release;
		};
/* End XCConfigurationList section */
	};
	rootObject = D4F84A2814BB8ADD00CDE1F0 /* Project object */;
}
